
Microsoft Visual Studio Solution File, Format Version 12.00
# Visual Studio Version 17
VisualStudioVersion = 17.0.31903.59
MinimumVisualStudioVersion = 10.0.40219.1
Project("{FAE04EC0-301F-11D3-BF4B-00C04F79EFBC}") = "Qel.Common.Telemetry.Serilog", "Qel.Common.Telemetry.Serilog.csproj", "{402C003B-4534-47CE-9425-21776ED08A0B}"
EndProject
Project("{FAE04EC0-301F-11D3-BF4B-00C04F79EFBC}") = "Qel.Common.Telemetry.Abstractions", "..\Qel.Common.Telemetry.Abstractions\Qel.Common.Telemetry.Abstractions.csproj", "{8DE001F3-9CEA-4DA4-94B6-1407AE283460}"
EndProject
Global
	GlobalSection(SolutionConfigurationPlatforms) = preSolution
		Debug|Any CPU = Debug|Any CPU
		Release|Any CPU = Release|Any CPU
	EndGlobalSection
	GlobalSection(SolutionProperties) = preSolution
		HideSolutionNode = FALSE
	EndGlobalSection
	GlobalSection(ProjectConfigurationPlatforms) = postSolution
		{402C003B-4534-47CE-9425-21776ED08A0B}.Debug|Any CPU.ActiveCfg = Debug|Any CPU
		{402C003B-4534-47CE-9425-21776ED08A0B}.Debug|Any CPU.Build.0 = Debug|Any CPU
		{402C003B-4534-47CE-9425-21776ED08A0B}.Release|Any CPU.ActiveCfg = Release|Any CPU
		{402C003B-4534-47CE-9425-21776ED08A0B}.Release|Any CPU.Build.0 = Release|Any CPU
		{8DE001F3-9CEA-4DA4-94B6-1407AE283460}.Debug|Any CPU.ActiveCfg = Debug|Any CPU
		{8DE001F3-9CEA-4DA4-94B6-1407AE283460}.Debug|Any CPU.Build.0 = Debug|Any CPU
		{8DE001F3-9CEA-4DA4-94B6-1407AE283460}.Release|Any CPU.ActiveCfg = Release|Any CPU
		{8DE001F3-9CEA-4DA4-94B6-1407AE283460}.Release|Any CPU.Build.0 = Release|Any CPU
	EndGlobalSection
EndGlobal
